github.com/Icikowski/kubeprobes v1.2.0 h1:EFtWiZq/8AoEG8gD9Wt6Sx81SyPWNo0WzunEWlosq1Q=
github.com/Icikowski/kubeprobes v1.2.0/go.mod h1:gw4mc5imc3OgFw6TtBTCWXWbJJd5vRlyOHDQbiKlKN0=
github.com/gorilla/mux v1.8.0 h1:i40aqfkR1h2SlN9hojwV5ZA91wcXFOvkdNIeFDP5koI=
github.com/gorilla/mux v1.8.0/go.mod h1:DVbg23sWSpFRCP0SfiEN6jmj59UnW/n46BH5rLB71So=
